
Microsoft Visual Studio Solution File, Format Version 12.00
# Visual Studio Version 17
VisualStudioVersion = 17.7.34018.315
MinimumVisualStudioVersion = 10.0.40219.1
Project("{9A19103F-16F7-4668-BE54-9A1E7A4F7556}") = "work_01_APi", "work_01\work_01_APi.csproj", "{38DF4C75-FA29-47C3-B2D9-AD63540D130B}"
EndProject
Project("{FAE04EC0-301F-11D3-BF4B-00C04F79EFBC}") = "Client_Core_MVC", "Client_Core_MVC\Client_Core_MVC.csproj", "{B6EE9602-C4BF-44F4-A781-366A557C1F5B}"
EndProject
Global
	GlobalSection(SolutionConfigurationPlatforms) = preSolution
		Debug|Any CPU = Debug|Any CPU
		Release|Any CPU = Release|Any CPU
	EndGlobalSection
	GlobalSection(ProjectConfigurationPlatforms) = postSolution
		{38DF4C75-FA29-47C3-B2D9-AD63540D130B}.Debug|Any CPU.ActiveCfg = Debug|Any CPU
		{38DF4C75-FA29-47C3-B2D9-AD63540D130B}.Debug|Any CPU.Build.0 = Debug|Any CPU
		{38DF4C75-FA29-47C3-B2D9-AD63540D130B}.Release|Any CPU.ActiveCfg = Release|Any CPU
		{38DF4C75-FA29-47C3-B2D9-AD63540D130B}.Release|Any CPU.Build.0 = Release|Any CPU
		{B6EE9602-C4BF-44F4-A781-366A557C1F5B}.Debug|Any CPU.ActiveCfg = Debug|Any CPU
		{B6EE9602-C4BF-44F4-A781-366A557C1F5B}.Debug|Any CPU.Build.0 = Debug|Any CPU
		{B6EE9602-C4BF-44F4-A781-366A557C1F5B}.Release|Any CPU.ActiveCfg = Release|Any CPU
		{B6EE9602-C4BF-44F4-A781-366A557C1F5B}.Release|Any CPU.Build.0 = Release|Any CPU
	EndGlobalSection
	GlobalSection(SolutionProperties) = preSolution
		HideSolutionNode = FALSE
	EndGlobalSection
	GlobalSection(ExtensibilityGlobals) = postSolution
		SolutionGuid = {CBC5AE22-C820-4D5D-B316-F20BE6114631}
	EndGlobalSection
EndGlobal
